
Microsoft Visual Studio Solution File, Format Version 12.00
# Visual Studio Version 16
VisualStudioVersion = 16.0.30523.141
MinimumVisualStudioVersion = 10.0.40219.1
Project("{FAE04EC0-301F-11D3-BF4B-00C04F79EFBC}") = "Gifter", "Gifter\Gifter.csproj", "{D236F558-9DA6-4E3B-B34D-E05239985E0B}"
EndProject
Global
	GlobalSection(SolutionConfigurationPlatforms) = preSolution
		Debug|Any CPU = Debug|Any CPU
		Release|Any CPU = Release|Any CPU
	EndGlobalSection
	GlobalSection(ProjectConfigurationPlatforms) = postSolution
		{D236F558-9DA6-4E3B-B34D-E05239985E0B}.Debug|Any CPU.ActiveCfg = Debug|Any CPU
		{D236F558-9DA6-4E3B-B34D-E05239985E0B}.Debug|Any CPU.Build.0 = Debug|Any CPU
		{D236F558-9DA6-4E3B-B34D-E05239985E0B}.Release|Any CPU.ActiveCfg = Release|Any CPU
		{D236F558-9DA6-4E3B-B34D-E05239985E0B}.Release|Any CPU.Build.0 = Release|Any CPU
	EndGlobalSection
	GlobalSection(SolutionProperties) = preSolution
		HideSolutionNode = FALSE
	EndGlobalSection
	GlobalSection(ExtensibilityGlobals) = postSolution
		SolutionGuid = {9D18FDB4-E1DF-4CBA-A7F2-BAB4F5009857}
	EndGlobalSection
EndGlobal
